
Microsoft Visual Studio Solution File, Format Version 12.00
# Visual Studio Version 16
VisualStudioVersion = 16.0.33328.57
MinimumVisualStudioVersion = 10.0.40219.1
Project("{F184B08F-C81C-45F6-A57F-5ABD9991F28F}") = "Kindergartens", "Kindergartens\Kindergartens.vbproj", "{44F61D16-3066-4805-823E-0B8E443481ED}"
EndProject
Global
	GlobalSection(SolutionConfigurationPlatforms) = preSolution
		Debug|Any CPU = Debug|Any CPU
		Release|Any CPU = Release|Any CPU
	EndGlobalSection
	GlobalSection(ProjectConfigurationPlatforms) = postSolution
		{44F61D16-3066-4805-823E-0B8E443481ED}.Debug|Any CPU.ActiveCfg = Debug|Any CPU
		{44F61D16-3066-4805-823E-0B8E443481ED}.Debug|Any CPU.Build.0 = Debug|Any CPU
		{44F61D16-3066-4805-823E-0B8E443481ED}.Release|Any CPU.ActiveCfg = Release|Any CPU
		{44F61D16-3066-4805-823E-0B8E443481ED}.Release|Any CPU.Build.0 = Release|Any CPU
	EndGlobalSection
	GlobalSection(SolutionProperties) = preSolution
		HideSolutionNode = FALSE
	EndGlobalSection
	GlobalSection(ExtensibilityGlobals) = postSolution
		SolutionGuid = {FE41ACDB-044C-4549-94FD-3263B7CD87DD}
	EndGlobalSection
EndGlobal
